{
  "name": "redcross",
  "version": "1.0.0",
  "lockfileVersion": 1,
  "requires": true,
  "dependencies": {
    "@angular/animations": {
      "version": "4.3.6",
      "resolved": "https://registry.npmjs.org/@angular/animations/-/animations-4.3.6.tgz",
      "integrity": "sha1-v5KD7HyMmLMvVp2E3NoQiQ/cAmI=",
      "requires": {
        "tslib": "1.8.0"
      }
    },
    "@angular/cdk": {
      "version": "2.0.0-beta.12",
      "resolved": "https://registry.npmjs.org/@angular/cdk/-/cdk-2.0.0-beta.12.tgz",
      "integrity": "sha1-OiQ8tiuT9OA5EgunD5ANyeI1Yi4=",
      "requires": {
        "tslib": "1.8.0"
      }
    },
    "@angular/common": {
      "version": "4.3.6",
      "resolved": "https://registry.npmjs.org/@angular/common/-/common-4.3.6.tgz",
      "integrity": "sha1-7TfpMHx1Bt2DR5fBps9nXlK1tu4=",
      "requires": {
        "tslib": "1.8.0"
      }
    },
    "@angular/compiler": {
      "version": "4.3.6",
      "resolved": "https://registry.npmjs.org/@angular/compiler/-/compiler-4.3.6.tgz",
      "integrity": "sha1-vhcN8Ji3HoNczt8WjV+3sj5QRbg=",
      "requires": {
        "tslib": "1.8.0"
      }
    },
    "@angular/compiler-cli": {
      "version": "4.3.6",
      "resolved": "https://registry.npmjs.org/@angular/compiler-cli/-/compiler-cli-4.3.6.tgz",
      "integrity": "sha1-avpq72jdaB5hs5i+TWJw5choCxI=",
      "requires": {
        "@angular/tsc-wrapped": "4.3.6",
        "minimist": "1.2.0",
        "reflect-metadata": "0.1.10"
      }
    },
    "@angular/core": {
      "version": "4.3.6",
      "resolved": "https://registry.npmjs.org/@angular/core/-/core-4.3.6.tgz",
      "integrity": "sha1-u6xj1o0Pe8s4nRKzQghlK+MofpY=",
      "requires": {
        "tslib": "1.8.0"
      }
    },
    "@angular/forms": {
      "version": "4.3.6",
      "resolved": "https://registry.npmjs.org/@angular/forms/-/forms-4.3.6.tgz",
      "integrity": "sha1-DyDEWXwWoVJ0XXzZVVmFWgpcZoc=",
      "requires": {
        "tslib": "1.8.0"
      }
    },
    "@angular/http": {
      "version": "4.3.6",
      "resolved": "https://registry.npmjs.org/@angular/http/-/http-4.3.6.tgz",
      "integrity": "sha1-Vjgn0afV6J47fYa3f7vTZ7LAhZE=",
      "requires": {
        "tslib": "1.8.0"
      }
    },
    "@angular/material": {
      "version": "2.0.0-beta.12",
      "resolved": "https://registry.npmjs.org/@angular/material/-/material-2.0.0-beta.12.tgz",
      "integrity": "sha1-cbbQt7AhiR5dDjaIwdS9eMdFf1g=",
      "requires": {
        "tslib": "1.8.0"
      }
    },
    "@angular/platform-browser": {
      "version": "4.3.6",
      "resolved": "https://registry.npmjs.org/@angular/platform-browser/-/platform-browser-4.3.6.tgz",
      "integrity": "sha1-YVKx87eNAkb8XhUOL3ue1DN+O6Y=",
      "requires": {
        "tslib": "1.8.0"
      }
    },
    "@angular/platform-browser-dynamic": {
      "version": "4.3.6",
      "resolved": "https://registry.npmjs.org/@angular/platform-browser-dynamic/-/platform-browser-dynamic-4.3.6.tgz",
      "integrity": "sha1-nqv4JvEZyY+Fwqlu3LGKsAtO+xw=",
      "requires": {
        "tslib": "1.8.0"
      }
    },
    "@angular/platform-server": {
      "version": "4.3.6",
      "resolved": "https://registry.npmjs.org/@angular/platform-server/-/platform-server-4.3.6.tgz",
      "integrity": "sha1-Np1JhE8cCpoQx8upsMt4wlIHQaU=",
      "requires": {
        "parse5": "3.0.2",
        "tslib": "1.8.0",
        "xhr2": "0.1.4"
      }
    },
    "@angular/router": {
      "version": "4.3.6",
      "resolved": "https://registry.npmjs.org/@angular/router/-/router-4.3.6.tgz",
      "integrity": "sha1-ZAM+20/NoIoyPnUztKGCDA8o0TA=",
      "requires": {
        "tslib": "1.8.0"
      }
    },
    "@angular/tsc-wrapped": {
      "version": "4.3.6",
      "resolved": "https://registry.npmjs.org/@angular/tsc-wrapped/-/tsc-wrapped-4.3.6.tgz",
      "integrity": "sha1-GqZuCrLEeZpK0UtnXhOVOqX81DY=",
      "requires": {
        "tsickle": "0.21.6"
      }
    },
    "@angular/upgrade": {
      "version": "4.3.6",
      "resolved": "https://registry.npmjs.org/@angular/upgrade/-/upgrade-4.3.6.tgz",
      "integrity": "sha1-DHycVYPoDeGaJY1ANrDYkUEhX6g=",
      "requires": {
        "tslib": "1.8.0"
      }
    },
    "@types/jwt-decode": {
      "version": "1.4.30",
      "resolved": "https://registry.npmjs.org/@types/jwt-decode/-/jwt-decode-1.4.30.tgz",
      "integrity": "sha512-vmBy38tpxTDimkD+YP5i6gyvjD/sIVj8CNuTKjbDJ28LOkAisv0NDoKbfnSwRq+SYWza6bpie0C4lI7pkCbDIg=="
    },
    "@types/long": {
      "version": "3.0.32",
      "resolved": "https://registry.npmjs.org/@types/long/-/long-3.0.32.tgz",
      "integrity": "sha512-ZXyOOm83p7X8p3s0IYM3VeueNmHpkk/yMlP8CLeOnEcu6hIwPH7YjZBvhQkR0ZFS2DqZAxKtJ/M5fcuv3OU5BA=="
    },
    "@types/node": {
      "version": "6.0.90",
      "resolved": "https://registry.npmjs.org/@types/node/-/node-6.0.90.tgz",
      "integrity": "sha512-tXoGRVdi7wZX7P1VWoV9Wfk0uYDOAHdEYXAttuWgSrN76Q32wQlSrMX0Rgyv3RTEaQY2ZLQrzYHVM2e8rfo8sA=="
    },
    "angular-in-memory-web-api": {
      "version": "0.3.2",
      "resolved": "https://registry.npmjs.org/angular-in-memory-web-api/-/angular-in-memory-web-api-0.3.2.tgz",
      "integrity": "sha1-iDbZ4lNNN7co88taHK9v4ef7vs0="
    },
    "core-js": {
      "version": "2.5.1",
      "resolved": "https://registry.npmjs.org/core-js/-/core-js-2.5.1.tgz",
      "integrity": "sha1-rmh03GaTd4m4B1T/VCjfZoGcpQs="
    },
    "jwt-decode": {
      "version": "2.2.0",
      "resolved": "https://registry.npmjs.org/jwt-decode/-/jwt-decode-2.2.0.tgz",
      "integrity": "sha1-fYa9VmefWM5qhHBKZX3TkruoGnk="
    },
    "lodash": {
      "version": "4.17.4",
      "resolved": "https://registry.npmjs.org/lodash/-/lodash-4.17.4.tgz",
      "integrity": "sha1-eCA6TRwyiuHYbcpkYONptX9AVa4="
    },
    "long": {
      "version": "3.2.0",
      "resolved": "https://registry.npmjs.org/long/-/long-3.2.0.tgz",
      "integrity": "sha1-2CG3E4yhy1gcFymQ7xTbIAtcR0s="
    },
    "minimist": {
      "version": "1.2.0",
      "resolved": "https://registry.npmjs.org/minimist/-/minimist-1.2.0.tgz",
      "integrity": "sha1-o1AIsg9BOD7sH7kU9M1d95omQoQ="
    },
    "mkdirp": {
      "version": "0.5.1",
      "resolved": "https://registry.npmjs.org/mkdirp/-/mkdirp-0.5.1.tgz",
      "integrity": "sha1-MAV0OOrGz3+MR2fzhkjWaX11yQM=",
      "requires": {
        "minimist": "0.0.8"
      },
      "dependencies": {
        "minimist": {
          "version": "0.0.8",
          "resolved": "https://registry.npmjs.org/minimist/-/minimist-0.0.8.tgz",
          "integrity": "sha1-hX/Kv8M5fSYluCKCYuhqp6ARsF0="
        }
      }
    },
    "moment": {
      "version": "2.19.1",
      "resolved": "https://registry.npmjs.org/moment/-/moment-2.19.1.tgz",
      "integrity": "sha1-VtoaLRy/AdOLfhr8McELz6GSkWc="
    },
    "monet": {
      "version": "0.8.10",
      "resolved": "https://registry.npmjs.org/monet/-/monet-0.8.10.tgz",
      "integrity": "sha1-r4KvUFkUZveLr5fAU+L/5ekQgiQ="
    },
    "parse5": {
      "version": "3.0.2",
      "resolved": "https://registry.npmjs.org/parse5/-/parse5-3.0.2.tgz",
      "integrity": "sha1-Be/1fw70V3+xRKefi5qWemzERRA=",
      "requires": {
        "@types/node": "6.0.90"
      }
    },
    "reflect-metadata": {
      "version": "0.1.10",
      "resolved": "https://registry.npmjs.org/reflect-metadata/-/reflect-metadata-0.1.10.tgz",
      "integrity": "sha1-tPg3BEFqytiZiMmxVjXUfgO5NEo="
    },
    "rxjs": {
      "version": "5.5.1",
      "resolved": "https://registry.npmjs.org/rxjs/-/rxjs-5.5.1.tgz",
      "integrity": "sha512-LmsJqk/i5D3e9eD7WR0v1XkHos2Rjo6qJkmVK7k6r74UZnesqcyVl6xTado4FxdjuNKWexnJJF6U8rCCz8BaFw==",
      "requires": {
        "symbol-observable": "1.0.4"
      }
    },
    "source-map": {
      "version": "0.5.7",
      "resolved": "https://registry.npmjs.org/source-map/-/source-map-0.5.7.tgz",
      "integrity": "sha1-igOdLRAh0i0eoUyA2OpGi6LvP8w="
    },
    "source-map-support": {
      "version": "0.4.18",
      "resolved": "https://registry.npmjs.org/source-map-support/-/source-map-support-0.4.18.tgz",
      "integrity": "sha512-try0/JqxPLF9nOjvSta7tVondkP5dwgyLDjVoyMDlmjugT2lRZ1OfsrYTkCd2hkDnJTKRbO/Rl3orm8vlsUzbA==",
      "requires": {
        "source-map": "0.5.7"
      }
    },
    "symbol-observable": {
      "version": "1.0.4",
      "resolved": "https://registry.npmjs.org/symbol-observable/-/symbol-observable-1.0.4.tgz",
      "integrity": "sha1-Kb9hXUqnEhvdiYsi1LP5vE4qoD0="
    },
    "systemjs": {
      "version": "0.19.39",
      "resolved": "https://registry.npmjs.org/systemjs/-/systemjs-0.19.39.tgz",
      "integrity": "sha1-5RPm+Rolo3uLYHxRx5ie4NZ7k1Y=",
      "requires": {
        "when": "3.7.8"
      }
    },
    "tsickle": {
      "version": "0.21.6",
      "resolved": "https://registry.npmjs.org/tsickle/-/tsickle-0.21.6.tgz",
      "integrity": "sha1-U7Abl5xcE/2xOvs/uVgXflmRWI0=",
      "requires": {
        "minimist": "1.2.0",
        "mkdirp": "0.5.1",
        "source-map": "0.5.7",
        "source-map-support": "0.4.18"
      }
    },
    "tslib": {
      "version": "1.8.0",
      "resolved": "https://registry.npmjs.org/tslib/-/tslib-1.8.0.tgz",
      "integrity": "sha512-ymKWWZJST0/CkgduC2qkzjMOWr4bouhuURNXCn/inEX0L57BnRG6FhX76o7FOnsjHazCjfU2LKeSrlS2sIKQJg=="
    },
    "when": {
      "version": "3.7.8",
      "resolved": "https://registry.npmjs.org/when/-/when-3.7.8.tgz",
      "integrity": "sha1-xxMLan6gRpPoQs3J56Hyqjmjn4I="
    },
    "xhr2": {
      "version": "0.1.4",
      "resolved": "https://registry.npmjs.org/xhr2/-/xhr2-0.1.4.tgz",
      "integrity": "sha1-f4dliEdxbbUCYyOBL4GMras4el8="
    },
    "zone.js": {
      "version": "0.8.18",
      "resolved": "https://registry.npmjs.org/zone.js/-/zone.js-0.8.18.tgz",
      "integrity": "sha512-knKOBQM0oea3/x9pdyDuDi7RhxDlJhOIkeixXSiTKWLgs4LpK37iBc+1HaHwzlciHUKT172CymJFKo8Xgh+44Q=="
    }
  }
}
